// !$*UTF8*$!
{
	archiveVersion = 1;
	classes = {
	};
	objectVersion = 46;
	objects = {

/* Begin PBXBuildFile section */
		84FC64610A6D693397ABDFBD /* libPods.a in Frameworks */ = {isa = PBXBuildFile; fileRef = C23326863A97092FCD082CF4 /* libPods.a */; };
		987620331CBAB1E400C6B1C5 /* AppDelegate.swift in Sources */ = {isa = PBXBuildFile; fileRef = 987620211CBAAF5A00C6B1C5 /* AppDelegate.swift */; };
		987620341CBAB27700C6B1C5 /* LaunchScreen.storyboard in Resources */ = {isa = PBXBuildFile; fileRef = 987620241CBAAF5A00C6B1C5 /* LaunchScreen.storyboard */; };
		987620351CBAB27700C6B1C5 /* Main.storyboard in Resources */ = {isa = PBXBuildFile; fileRef = 987620261CBAAF5A00C6B1C5 /* Main.storyboard */; };
		9876203E1CBBD53700C6B1C5 /* HomeViewController.swift in Sources */ = {isa = PBXBuildFile; fileRef = 9876203D1CBBD53700C6B1C5 /* HomeViewController.swift */; };
		987620401CBBD55F00C6B1C5 /* MerchantViewController.swift in Sources */ = {isa = PBXBuildFile; fileRef = 9876203F1CBBD55F00C6B1C5 /* MerchantViewController.swift */; };
		987620421CBBD56A00C6B1C5 /* MineViewController.swift in Sources */ = {isa = PBXBuildFile; fileRef = 987620411CBBD56A00C6B1C5 /* MineViewController.swift */; };
		987620441CBBD57200C6B1C5 /* MoreViewController.swift in Sources */ = {isa = PBXBuildFile; fileRef = 987620431CBBD57200C6B1C5 /* MoreViewController.swift */; };
		987620461CBBD58800C6B1C5 /* OnsiteViewController.swift in Sources */ = {isa = PBXBuildFile; fileRef = 987620451CBBD58800C6B1C5 /* OnsiteViewController.swift */; };
		9876204A1CBBDB8600C6B1C5 /* Public.swift in Sources */ = {isa = PBXBuildFile; fileRef = 987620491CBBDB8600C6B1C5 /* Public.swift */; };
		9876205C1CBBE1A600C6B1C5 /* icon_tabbar_homepage@2x.png in Resources */ = {isa = PBXBuildFile; fileRef = 987620521CBBE1A600C6B1C5 /* icon_tabbar_homepage@2x.png */; };
		9876205D1CBBE1A600C6B1C5 /* icon_tabbar_homepage_selected@2x.png in Resources */ = {isa = PBXBuildFile; fileRef = 987620531CBBE1A600C6B1C5 /* icon_tabbar_homepage_selected@2x.png */; };
		9876205E1CBBE1A600C6B1C5 /* icon_tabbar_merchant_normal@2x.png in Resources */ = {isa = PBXBuildFile; fileRef = 987620541CBBE1A600C6B1C5 /* icon_tabbar_merchant_normal@2x.png */; };
		9876205F1CBBE1A600C6B1C5 /* icon_tabbar_merchant_selected@2x.png in Resources */ = {isa = PBXBuildFile; fileRef = 987620551CBBE1A600C6B1C5 /* icon_tabbar_merchant_selected@2x.png */; };
		987620601CBBE1A600C6B1C5 /* icon_tabbar_mine@2x.png in Resources */ = {isa = PBXBuildFile; fileRef = 987620561CBBE1A600C6B1C5 /* icon_tabbar_mine@2x.png */; };
		987620611CBBE1A600C6B1C5 /* icon_tabbar_mine_selected@2x.png in Resources */ = {isa = PBXBuildFile; fileRef = 987620571CBBE1A600C6B1C5 /* icon_tabbar_mine_selected@2x.png */; };
		987620621CBBE1A600C6B1C5 /* icon_tabbar_misc@2x.png in Resources */ = {isa = PBXBuildFile; fileRef = 987620581CBBE1A600C6B1C5 /* icon_tabbar_misc@2x.png */; };
		987620631CBBE1A600C6B1C5 /* icon_tabbar_misc_selected@2x.png in Resources */ = {isa = PBXBuildFile; fileRef = 987620591CBBE1A600C6B1C5 /* icon_tabbar_misc_selected@2x.png */; };
		987620641CBBE1A600C6B1C5 /* icon_tabbar_onsite@2x.png in Resources */ = {isa = PBXBuildFile; fileRef = 9876205A1CBBE1A600C6B1C5 /* icon_tabbar_onsite@2x.png */; };
		987620651CBBE1A600C6B1C5 /* icon_tabbar_onsite_selected@2x.png in Resources */ = {isa = PBXBuildFile; fileRef = 9876205B1CBBE1A600C6B1C5 /* icon_tabbar_onsite_selected@2x.png */; };
		987620661CBBF57900C6B1C5 /* Assets.xcassets in Resources */ = {isa = PBXBuildFile; fileRef = 987620221CBAAF5A00C6B1C5 /* Assets.xcassets */; };
		987620731CBBF9F100C6B1C5 /* ShopPriceCell.swift in Sources */ = {isa = PBXBuildFile; fileRef = 987620721CBBF9F100C6B1C5 /* ShopPriceCell.swift */; };
		987620751CBBF9FE00C6B1C5 /* ShopImageCell.swift in Sources */ = {isa = PBXBuildFile; fileRef = 987620741CBBF9FE00C6B1C5 /* ShopImageCell.swift */; };
		987620771CBBFA0D00C6B1C5 /* ShopRecommendCell.swift in Sources */ = {isa = PBXBuildFile; fileRef = 987620761CBBFA0D00C6B1C5 /* ShopRecommendCell.swift */; };
		987620791CBBFA3D00C6B1C5 /* DiscountTopicCell.swift in Sources */ = {isa = PBXBuildFile; fileRef = 987620781CBBFA3D00C6B1C5 /* DiscountTopicCell.swift */; };
		9876207D1CBE671C00C6B1C5 /* BtnView.swift in Sources */ = {isa = PBXBuildFile; fileRef = 9876207C1CBE671C00C6B1C5 /* BtnView.swift */; };
		9876207F1CBE69EF00C6B1C5 /* HomeMenuCell.swift in Sources */ = {isa = PBXBuildFile; fileRef = 9876207E1CBE69EF00C6B1C5 /* HomeMenuCell.swift */; };
		987620821CBE878800C6B1C5 /* menuData.plist in Resources */ = {isa = PBXBuildFile; fileRef = 987620811CBE878800C6B1C5 /* menuData.plist */; };
		987620A11CBE881C00C6B1C5 /* back@2x.png in Resources */ = {isa = PBXBuildFile; fileRef = 987620831CBE881C00C6B1C5 /* back@2x.png */; };
		987620A21CBE881C00C6B1C5 /* icon_deal_anytime_refund@2x.png in Resources */ = {isa = PBXBuildFile; fileRef = 987620841CBE881C00C6B1C5 /* icon_deal_anytime_refund@2x.png */; };
		987620A31CBE881C00C6B1C5 /* icon_collect_highlighted.png in Resources */ = {isa = PBXBuildFile; fileRef = 987620851CBE881C00C6B1C5 /* icon_collect_highlighted.png */; };
		987620A41CBE881C00C6B1C5 /* icon_collect.png in Resources */ = {isa = PBXBuildFile; fileRef = 987620861CBE881C00C6B1C5 /* icon_collect.png */; };
		987620A51CBE881C00C6B1C5 /* icon_merchant_share_highlighted.png in Resources */ = {isa = PBXBuildFile; fileRef = 987620871CBE881C00C6B1C5 /* icon_merchant_share_highlighted.png */; };
		987620A61CBE881C00C6B1C5 /* icon_merchant_share_normal.png in Resources */ = {isa = PBXBuildFile; fileRef = 987620881CBE881C00C6B1C5 /* icon_merchant_share_normal.png */; };
		987620A71CBE881C00C6B1C5 /* btn_backItem.png in Resources */ = {isa = PBXBuildFile; fileRef = 987620891CBE881C00C6B1C5 /* btn_backItem.png */; };
		987620A81CBE881C00C6B1C5 /* todaySpecialHeaderTitleImage@2x.png in Resources */ = {isa = PBXBuildFile; fileRef = 9876208A1CBE881C00C6B1C5 /* todaySpecialHeaderTitleImage@2x.png */; };
		987620A91CBE881C00C6B1C5 /* todaySpecialHeaderTitleImage@3x.png in Resources */ = {isa = PBXBuildFile; fileRef = 9876208B1CBE881C00C6B1C5 /* todaySpecialHeaderTitleImage@3x.png */; };
		987620AA1CBE881C00C6B1C5 /* ic_deal_noBooking@2x.png in Resources */ = {isa = PBXBuildFile; fileRef = 9876208C1CBE881C00C6B1C5 /* ic_deal_noBooking@2x.png */; };
		987620AB1CBE881C00C6B1C5 /* bg_customReview_image_default.png in Resources */ = {isa = PBXBuildFile; fileRef = 9876208D1CBE881C00C6B1C5 /* bg_customReview_image_default.png */; };
		987620AC1CBE881C00C6B1C5 /* icon_homepage_beautyCategory.png in Resources */ = {isa = PBXBuildFile; fileRef = 9876208E1CBE881C00C6B1C5 /* icon_homepage_beautyCategory.png */; };
		987620AD1CBE881C00C6B1C5 /* icon_homepage_default.png in Resources */ = {isa = PBXBuildFile; fileRef = 9876208F1CBE881C00C6B1C5 /* icon_homepage_default.png */; };
		987620AE1CBE881C00C6B1C5 /* icon_homepage_entertainmentCategory.png in Resources */ = {isa = PBXBuildFile; fileRef = 987620901CBE881C00C6B1C5 /* icon_homepage_entertainmentCategory.png */; };
		987620AF1CBE881C00C6B1C5 /* icon_homepage_foodCategory.png in Resources */ = {isa = PBXBuildFile; fileRef = 987620911CBE881C00C6B1C5 /* icon_homepage_foodCategory.png */; };
		987620B01CBE881C00C6B1C5 /* icon_homepage_foottreatCategory.png in Resources */ = {isa = PBXBuildFile; fileRef = 987620921CBE881C00C6B1C5 /* icon_homepage_foottreatCategory.png */; };
		987620B11CBE881C00C6B1C5 /* icon_homepage_hotelCategory.png in Resources */ = {isa = PBXBuildFile; fileRef = 987620931CBE881C00C6B1C5 /* icon_homepage_hotelCategory.png */; };
		987620B21CBE881C00C6B1C5 /* icon_homepage_KTVCategory.png in Resources */ = {isa = PBXBuildFile; fileRef = 987620941CBE881C00C6B1C5 /* icon_homepage_KTVCategory.png */; };
		987620B31CBE881C00C6B1C5 /* icon_homepage_lifeServiceCategory.png in Resources */ = {isa = PBXBuildFile; fileRef = 987620951CBE881C00C6B1C5 /* icon_homepage_lifeServiceCategory.png */; };
		987620B41CBE881C00C6B1C5 /* icon_homepage_movieCategory.png in Resources */ = {isa = PBXBuildFile; fileRef = 987620961CBE881C00C6B1C5 /* icon_homepage_movieCategory.png */; };
		987620B51CBE881C00C6B1C5 /* icon_homepage_shoppingCategory.png in Resources */ = {isa = PBXBuildFile; fileRef = 987620971CBE881C00C6B1C5 /* icon_homepage_shoppingCategory.png */; };
		987620B61CBE881C00C6B1C5 /* icon_homepage_takeoutCategory.png in Resources */ = {isa = PBXBuildFile; fileRef = 987620981CBE881C00C6B1C5 /* icon_homepage_takeoutCategory.png */; };
		987620B71CBE881C00C6B1C5 /* background_home_searchBar@2x.png in Resources */ = {isa = PBXBuildFile; fileRef = 987620991CBE881C00C6B1C5 /* background_home_searchBar@2x.png */; };
		987620B81CBE881C00C6B1C5 /* icon_homepage_downArrow@2x.png in Resources */ = {isa = PBXBuildFile; fileRef = 9876209A1CBE881C00C6B1C5 /* icon_homepage_downArrow@2x.png */; };
		987620B91CBE881C00C6B1C5 /* icon_homepage_map_old.png in Resources */ = {isa = PBXBuildFile; fileRef = 9876209B1CBE881C00C6B1C5 /* icon_homepage_map_old.png */; };
		987620BA1CBE881C00C6B1C5 /* icon_homepage_map_selected_old.png in Resources */ = {isa = PBXBuildFile; fileRef = 9876209C1CBE881C00C6B1C5 /* icon_homepage_map_selected_old.png */; };
		987620BB1CBE881C00C6B1C5 /* icon_homepage_map_selected.png in Resources */ = {isa = PBXBuildFile; fileRef = 9876209D1CBE881C00C6B1C5 /* icon_homepage_map_selected.png */; };
		987620BC1CBE881C00C6B1C5 /* icon_homepage_map.png in Resources */ = {isa = PBXBuildFile; fileRef = 9876209E1CBE881C00C6B1C5 /* icon_homepage_map.png */; };
		987620BD1CBE881C00C6B1C5 /* icon_homepage_search.png in Resources */ = {isa = PBXBuildFile; fileRef = 9876209F1CBE881C00C6B1C5 /* icon_homepage_search.png */; };
		987620BE1CBE881C00C6B1C5 /* icon_homepage_upArrow@2x.png in Resources */ = {isa = PBXBuildFile; fileRef = 987620A01CBE881C00C6B1C5 /* icon_homepage_upArrow@2x.png */; };
		987620C01CC2237D00C6B1C5 /* Podfile in Resources */ = {isa = PBXBuildFile; fileRef = 987620BF1CC2237D00C6B1C5 /* Podfile */; };
		987620C41CC28AD000C6B1C5 /* NetworkSingleton.swift in Sources */ = {isa = PBXBuildFile; fileRef = 987620C31CC28AD000C6B1C5 /* NetworkSingleton.swift */; };
		987620C61CC3320300C6B1C5 /* RushDataModel.swift in Sources */ = {isa = PBXBuildFile; fileRef = 987620C51CC3320300C6B1C5 /* RushDataModel.swift */; };
		987620C81CC3321500C6B1C5 /* RushDealsModel.swift in Sources */ = {isa = PBXBuildFile; fileRef = 987620C71CC3321500C6B1C5 /* RushDealsModel.swift */; };
		987620CC1CC368AD00C6B1C5 /* RushCell.swift in Sources */ = {isa = PBXBuildFile; fileRef = 987620CB1CC368AD00C6B1C5 /* RushCell.swift */; };
		987620CE1CC3883D00C6B1C5 /* RushViewController.swift in Sources */ = {isa = PBXBuildFile; fileRef = 987620CD1CC3883D00C6B1C5 /* RushViewController.swift */; };
		98D5F2EF1CC52F2D00C2BBAE /* HotQueueModel.swift in Sources */ = {isa = PBXBuildFile; fileRef = 98D5F2EE1CC52F2D00C2BBAE /* HotQueueModel.swift */; };
		98D5F2F51CC5312F00C2BBAE /* HotQueueViewController.swift in Sources */ = {isa = PBXBuildFile; fileRef = 98D5F2F41CC5312F00C2BBAE /* HotQueueViewController.swift */; };
		98D5F2F71CC5351F00C2BBAE /* DiscountModel.swift in Sources */ = {isa = PBXBuildFile; fileRef = 98D5F2F61CC5351F00C2BBAE /* DiscountModel.swift */; };
		98D5F2F91CC5361E00C2BBAE /* DiscountCell.swift in Sources */ = {isa = PBXBuildFile; fileRef = 98D5F2F81CC5361E00C2BBAE /* DiscountCell.swift */; };
		98D5F2FF1CC5368C00C2BBAE /* DiscountViewController.swift in Sources */ = {isa = PBXBuildFile; fileRef = 98D5F2FE1CC5368C00C2BBAE /* DiscountViewController.swift */; };
		98D5F3031CC5378A00C2BBAE /* HotQueueCell.swift in Sources */ = {isa = PBXBuildFile; fileRef = 98D5F3021CC5378A00C2BBAE /* HotQueueCell.swift */; };
		98D5F3071CCB688000C2BBAE /* RecommendModel.swift in Sources */ = {isa = PBXBuildFile; fileRef = 98D5F3061CCB688000C2BBAE /* RecommendModel.swift */; };
		98D5F3091CCB6B8100C2BBAE /* RecommendCell.swift in Sources */ = {isa = PBXBuildFile; fileRef = 98D5F3081CCB6B8100C2BBAE /* RecommendCell.swift */; };
		98D5F30B1CCB6C2900C2BBAE /* ShopInfoModel.swift in Sources */ = {isa = PBXBuildFile; fileRef = 98D5F30A1CCB6C2900C2BBAE /* ShopInfoModel.swift */; };
		98D5F30D1CCB6C3B00C2BBAE /* ShopRecommendModel.swift in Sources */ = {isa = PBXBuildFile; fileRef = 98D5F30C1CCB6C3B00C2BBAE /* ShopRecommendModel.swift */; };
		98D5F30F1CCB6E2A00C2BBAE /* DisTopicModel.swift in Sources */ = {isa = PBXBuildFile; fileRef = 98D5F30E1CCB6E2A00C2BBAE /* DisTopicModel.swift */; };
		98D5F3111CCB6E3A00C2BBAE /* DisLabelModel.swift in Sources */ = {isa = PBXBuildFile; fileRef = 98D5F3101CCB6E3A00C2BBAE /* DisLabelModel.swift */; };
		98D5F3131CCB6E4700C2BBAE /* DisDealModel.swift in Sources */ = {isa = PBXBuildFile; fileRef = 98D5F3121CCB6E4700C2BBAE /* DisDealModel.swift */; };
		98D5F3151CCE687D00C2BBAE /* DiscountOCViewController.swift in Sources */ = {isa = PBXBuildFile; fileRef = 98D5F3141CCE687D00C2BBAE /* DiscountOCViewController.swift */; };
		98D5F3171CCE73A000C2BBAE /* ShopViewController.swift in Sources */ = {isa = PBXBuildFile; fileRef = 98D5F3161CCE73A000C2BBAE /* ShopViewController.swift */; };
/* End PBXBuildFile section */

/* Begin PBXFileReference section */
		0BF3DAF7F1EAEB24F49176C7 /* Pods.release.xcconfig */ = {isa = PBXFileReference; includeInIndex = 1; lastKnownFileType = text.xcconfig; name = Pods.release.xcconfig; path = "Pods/Target Support Files/Pods/Pods.release.xcconfig"; sourceTree = "<group>"; };
		6A5E43DEC83D43AF4DC00976 /* Pods.debug.xcconfig */ = {isa = PBXFileReference; includeInIndex = 1; lastKnownFileType = text.xcconfig; name = Pods.debug.xcconfig; path = "Pods/Target Support Files/Pods/Pods.debug.xcconfig"; sourceTree = "<group>"; };
		987620011CBA4F2500C6B1C5 /* ZMTuan.app */ = {isa = PBXFileReference; explicitFileType = wrapper.application; includeInIndex = 0; path = ZMTuan.app; sourceTree = BUILT_PRODUCTS_DIR; };
		987620211CBAAF5A00C6B1C5 /* AppDelegate.swift */ = {isa = PBXFileReference; fileEncoding = 4; lastKnownFileType = sourcecode.swift; path = AppDelegate.swift; sourceTree = "<group>"; };
		987620221CBAAF5A00C6B1C5 /* Assets.xcassets */ = {isa = PBXFileReference; lastKnownFileType = folder.assetcatalog; path = Assets.xcassets; sourceTree = "<group>"; };
		987620251CBAAF5A00C6B1C5 /* Base */ = {isa = PBXFileReference; lastKnownFileType = file.storyboard; name = Base; path = LaunchScreen.storyboard; sourceTree = "<group>"; };
		987620271CBAAF5A00C6B1C5 /* Base */ = {isa = PBXFileReference; lastKnownFileType = file.storyboard; name = Base; path = Main.storyboard; sourceTree = "<group>"; };
		987620301CBAB0C500C6B1C5 /* Info.plist */ = {isa = PBXFileReference; fileEncoding = 4; lastKnownFileType = text.plist.xml; path = Info.plist; sourceTree = "<group>"; };
		9876203D1CBBD53700C6B1C5 /* HomeViewController.swift */ = {isa = PBXFileReference; fileEncoding = 4; lastKnownFileType = sourcecode.swift; path = HomeViewController.swift; sourceTree = "<group>"; };
		9876203F1CBBD55F00C6B1C5 /* MerchantViewController.swift */ = {isa = PBXFileReference; fileEncoding = 4; lastKnownFileType = sourcecode.swift; path = MerchantViewController.swift; sourceTree = "<group>"; };
		987620411CBBD56A00C6B1C5 /* MineViewController.swift */ = {isa = PBXFileReference; fileEncoding = 4; lastKnownFileType = sourcecode.swift; path = MineViewController.swift; sourceTree = "<group>"; };
		987620431CBBD57200C6B1C5 /* MoreViewController.swift */ = {isa = PBXFileReference; fileEncoding = 4; lastKnownFileType = sourcecode.swift; path = MoreViewController.swift; sourceTree = "<group>"; };
		987620451CBBD58800C6B1C5 /* OnsiteViewController.swift */ = {isa = PBXFileReference; fileEncoding = 4; lastKnownFileType = sourcecode.swift; path = OnsiteViewController.swift; sourceTree = "<group>"; };
		987620491CBBDB8600C6B1C5 /* Public.swift */ = {isa = PBXFileReference; fileEncoding = 4; lastKnownFileType = sourcecode.swift; path = Public.swift; sourceTree = "<group>"; };
		987620521CBBE1A600C6B1C5 /* icon_tabbar_homepage@2x.png */ = {isa = PBXFileReference; lastKnownFileType = image.png; path = "icon_tabbar_homepage@2x.png"; sourceTree = "<group>"; };
		987620531CBBE1A600C6B1C5 /* icon_tabbar_homepage_selected@2x.png */ = {isa = PBXFileReference; lastKnownFileType = image.png; path = "icon_tabbar_homepage_selected@2x.png"; sourceTree = "<group>"; };
		987620541CBBE1A600C6B1C5 /* icon_tabbar_merchant_normal@2x.png */ = {isa = PBXFileReference; lastKnownFileType = image.png; path = "icon_tabbar_merchant_normal@2x.png"; sourceTree = "<group>"; };
		987620551CBBE1A600C6B1C5 /* icon_tabbar_merchant_selected@2x.png */ = {isa = PBXFileReference; lastKnownFileType = image.png; path = "icon_tabbar_merchant_selected@2x.png"; sourceTree = "<group>"; };
		987620561CBBE1A600C6B1C5 /* icon_tabbar_mine@2x.png */ = {isa = PBXFileReference; lastKnownFileType = image.png; path = "icon_tabbar_mine@2x.png"; sourceTree = "<group>"; };
		987620571CBBE1A600C6B1C5 /* icon_tabbar_mine_selected@2x.png */ = {isa = PBXFileReference; lastKnownFileType = image.png; path = "icon_tabbar_mine_selected@2x.png"; sourceTree = "<group>"; };
		987620581CBBE1A600C6B1C5 /* icon_tabbar_misc@2x.png */ = {isa = PBXFileReference; lastKnownFileType = image.png; path = "icon_tabbar_misc@2x.png"; sourceTree = "<group>"; };
		987620591CBBE1A600C6B1C5 /* icon_tabbar_misc_selected@2x.png */ = {isa = PBXFileReference; lastKnownFileType = image.png; path = "icon_tabbar_misc_selected@2x.png"; sourceTree = "<group>"; };
		9876205A1CBBE1A600C6B1C5 /* icon_tabbar_onsite@2x.png */ = {isa = PBXFileReference; lastKnownFileType = image.png; path = "icon_tabbar_onsite@2x.png"; sourceTree = "<group>"; };
		9876205B1CBBE1A600C6B1C5 /* icon_tabbar_onsite_selected@2x.png */ = {isa = PBXFileReference; lastKnownFileType = image.png; path = "icon_tabbar_onsite_selected@2x.png"; sourceTree = "<group>"; };
		987620721CBBF9F100C6B1C5 /* ShopPriceCell.swift */ = {isa = PBXFileReference; fileEncoding = 4; lastKnownFileType = sourcecode.swift; path = ShopPriceCell.swift; sourceTree = "<group>"; };
		987620741CBBF9FE00C6B1C5 /* ShopImageCell.swift */ = {isa = PBXFileReference; fileEncoding = 4; lastKnownFileType = sourcecode.swift; path = ShopImageCell.swift; sourceTree = "<group>"; };
		987620761CBBFA0D00C6B1C5 /* ShopRecommendCell.swift */ = {isa = PBXFileReference; fileEncoding = 4; lastKnownFileType = sourcecode.swift; path = ShopRecommendCell.swift; sourceTree = "<group>"; };
		987620781CBBFA3D00C6B1C5 /* DiscountTopicCell.swift */ = {isa = PBXFileReference; fileEncoding = 4; lastKnownFileType = sourcecode.swift; path = DiscountTopicCell.swift; sourceTree = "<group>"; };
		9876207C1CBE671C00C6B1C5 /* BtnView.swift */ = {isa = PBXFileReference; fileEncoding = 4; lastKnownFileType = sourcecode.swift; path = BtnView.swift; sourceTree = "<group>"; };
		9876207E1CBE69EF00C6B1C5 /* HomeMenuCell.swift */ = {isa = PBXFileReference; fileEncoding = 4; lastKnownFileType = sourcecode.swift; path = HomeMenuCell.swift; sourceTree = "<group>"; };
		987620811CBE878800C6B1C5 /* menuData.plist */ = {isa = PBXFileReference; fileEncoding = 4; lastKnownFileType = text.plist.xml; path = menuData.plist; sourceTree = "<group>"; };
		987620831CBE881C00C6B1C5 /* back@2x.png */ = {isa = PBXFileReference; lastKnownFileType = image.png; path = "back@2x.png"; sourceTree = "<group>"; };
		987620841CBE881C00C6B1C5 /* icon_deal_anytime_refund@2x.png */ = {isa = PBXFileReference; lastKnownFileType = image.png; path = "icon_deal_anytime_refund@2x.png"; sourceTree = "<group>"; };
		987620851CBE881C00C6B1C5 /* icon_collect_highlighted.png */ = {isa = PBXFileReference; lastKnownFileType = image.png; path = icon_collect_highlighted.png; sourceTree = "<group>"; };
		987620861CBE881C00C6B1C5 /* icon_collect.png */ = {isa = PBXFileReference; lastKnownFileType = image.png; path = icon_collect.png; sourceTree = "<group>"; };
		987620871CBE881C00C6B1C5 /* icon_merchant_share_highlighted.png */ = {isa = PBXFileReference; lastKnownFileType = image.png; path = icon_merchant_share_highlighted.png; sourceTree = "<group>"; };
		987620881CBE881C00C6B1C5 /* icon_merchant_share_normal.png */ = {isa = PBXFileReference; lastKnownFileType = image.png; path = icon_merchant_share_normal.png; sourceTree = "<group>"; };
		987620891CBE881C00C6B1C5 /* btn_backItem.png */ = {isa = PBXFileReference; lastKnownFileType = image.png; path = btn_backItem.png; sourceTree = "<group>"; };
		9876208A1CBE881C00C6B1C5 /* todaySpecialHeaderTitleImage@2x.png */ = {isa = PBXFileReference; lastKnownFileType = image.png; path = "todaySpecialHeaderTitleImage@2x.png"; sourceTree = "<group>"; };
		9876208B1CBE881C00C6B1C5 /* todaySpecialHeaderTitleImage@3x.png */ = {isa = PBXFileReference; lastKnownFileType = image.png; path = "todaySpecialHeaderTitleImage@3x.png"; sourceTree = "<group>"; };
		9876208C1CBE881C00C6B1C5 /* ic_deal_noBooking@2x.png */ = {isa = PBXFileReference; lastKnownFileType = image.png; path = "ic_deal_noBooking@2x.png"; sourceTree = "<group>"; };
		9876208D1CBE881C00C6B1C5 /* bg_customReview_image_default.png */ = {isa = PBXFileReference; lastKnownFileType = image.png; path = bg_customReview_image_default.png; sourceTree = "<group>"; };
		9876208E1CBE881C00C6B1C5 /* icon_homepage_beautyCategory.png */ = {isa = PBXFileReference; lastKnownFileType = image.png; path = icon_homepage_beautyCategory.png; sourceTree = "<group>"; };
		9876208F1CBE881C00C6B1C5 /* icon_homepage_default.png */ = {isa = PBXFileReference; lastKnownFileType = image.png; path = icon_homepage_default.png; sourceTree = "<group>"; };
		987620901CBE881C00C6B1C5 /* icon_homepage_entertainmentCategory.png */ = {isa = PBXFileReference; lastKnownFileType = image.png; path = icon_homepage_entertainmentCategory.png; sourceTree = "<group>"; };
		987620911CBE881C00C6B1C5 /* icon_homepage_foodCategory.png */ = {isa = PBXFileReference; lastKnownFileType = image.png; path = icon_homepage_foodCategory.png; sourceTree = "<group>"; };
		987620921CBE881C00C6B1C5 /* icon_homepage_foottreatCategory.png */ = {isa = PBXFileReference; lastKnownFileType = image.png; path = icon_homepage_foottreatCategory.png; sourceTree = "<group>"; };
		987620931CBE881C00C6B1C5 /* icon_homepage_hotelCategory.png */ = {isa = PBXFileReference; lastKnownFileType = image.png; path = icon_homepage_hotelCategory.png; sourceTree = "<group>"; };
		987620941CBE881C00C6B1C5 /* icon_homepage_KTVCategory.png */ = {isa = PBXFileReference; lastKnownFileType = image.png; path = icon_homepage_KTVCategory.png; sourceTree = "<group>"; };
		987620951CBE881C00C6B1C5 /* icon_homepage_lifeServiceCategory.png */ = {isa = PBXFileReference; lastKnownFileType = image.png; path = icon_homepage_lifeServiceCategory.png; sourceTree = "<group>"; };
		987620961CBE881C00C6B1C5 /* icon_homepage_movieCategory.png */ = {isa = PBXFileReference; lastKnownFileType = image.png; path = icon_homepage_movieCategory.png; sourceTree = "<group>"; };
		987620971CBE881C00C6B1C5 /* icon_homepage_shoppingCategory.png */ = {isa = PBXFileReference; lastKnownFileType = image.png; path = icon_homepage_shoppingCategory.png; sourceTree = "<group>"; };
		987620981CBE881C00C6B1C5 /* icon_homepage_takeoutCategory.png */ = {isa = PBXFileReference; lastKnownFileType = image.png; path = icon_homepage_takeoutCategory.png; sourceTree = "<group>"; };
		987620991CBE881C00C6B1C5 /* background_home_searchBar@2x.png */ = {isa = PBXFileReference; lastKnownFileType = image.png; path = "background_home_searchBar@2x.png"; sourceTree = "<group>"; };
		9876209A1CBE881C00C6B1C5 /* icon_homepage_downArrow@2x.png */ = {isa = PBXFileReference; lastKnownFileType = image.png; path = "icon_homepage_downArrow@2x.png"; sourceTree = "<group>"; };
		9876209B1CBE881C00C6B1C5 /* icon_homepage_map_old.png */ = {isa = PBXFileReference; lastKnownFileType = image.png; path = icon_homepage_map_old.png; sourceTree = "<group>"; };
		9876209C1CBE881C00C6B1C5 /* icon_homepage_map_selected_old.png */ = {isa = PBXFileReference; lastKnownFileType = image.png; path = icon_homepage_map_selected_old.png; sourceTree = "<group>"; };
		9876209D1CBE881C00C6B1C5 /* icon_homepage_map_selected.png */ = {isa = PBXFileReference; lastKnownFileType = image.png; path = icon_homepage_map_selected.png; sourceTree = "<group>"; };
		9876209E1CBE881C00C6B1C5 /* icon_homepage_map.png */ = {isa = PBXFileReference; lastKnownFileType = image.png; path = icon_homepage_map.png; sourceTree = "<group>"; };
		9876209F1CBE881C00C6B1C5 /* icon_homepage_search.png */ = {isa = PBXFileReference; lastKnownFileType = image.png; path = icon_homepage_search.png; sourceTree = "<group>"; };
		987620A01CBE881C00C6B1C5 /* icon_homepage_upArrow@2x.png */ = {isa = PBXFileReference; lastKnownFileType = image.png; path = "icon_homepage_upArrow@2x.png"; sourceTree = "<group>"; };
		987620BF1CC2237D00C6B1C5 /* Podfile */ = {isa = PBXFileReference; fileEncoding = 4; lastKnownFileType = text; path = Podfile; sourceTree = "<group>"; xcLanguageSpecificationIdentifier = xcode.lang.ruby; };
		987620C11CC238DE00C6B1C5 /* Bridging.h */ = {isa = PBXFileReference; lastKnownFileType = sourcecode.c.h; path = Bridging.h; sourceTree = "<group>"; };
		987620C31CC28AD000C6B1C5 /* NetworkSingleton.swift */ = {isa = PBXFileReference; fileEncoding = 4; lastKnownFileType = sourcecode.swift; path = NetworkSingleton.swift; sourceTree = "<group>"; };
		987620C51CC3320300C6B1C5 /* RushDataModel.swift */ = {isa = PBXFileReference; fileEncoding = 4; lastKnownFileType = sourcecode.swift; path = RushDataModel.swift; sourceTree = "<group>"; };
		987620C71CC3321500C6B1C5 /* RushDealsModel.swift */ = {isa = PBXFileReference; fileEncoding = 4; lastKnownFileType = sourcecode.swift; path = RushDealsModel.swift; sourceTree = "<group>"; };
		987620CB1CC368AD00C6B1C5 /* RushCell.swift */ = {isa = PBXFileReference; fileEncoding = 4; lastKnownFileType = sourcecode.swift; path = RushCell.swift; sourceTree = "<group>"; };
		987620CD1CC3883D00C6B1C5 /* RushViewController.swift */ = {isa = PBXFileReference; fileEncoding = 4; lastKnownFileType = sourcecode.swift; path = RushViewController.swift; sourceTree = "<group>"; };
		98D5F2EE1CC52F2D00C2BBAE /* HotQueueModel.swift */ = {isa = PBXFileReference; fileEncoding = 4; lastKnownFileType = sourcecode.swift; path = HotQueueModel.swift; sourceTree = "<group>"; };
		98D5F2F41CC5312F00C2BBAE /* HotQueueViewController.swift */ = {isa = PBXFileReference; fileEncoding = 4; lastKnownFileType = sourcecode.swift; path = HotQueueViewController.swift; sourceTree = "<group>"; };
		98D5F2F61CC5351F00C2BBAE /* DiscountModel.swift */ = {isa = PBXFileReference; fileEncoding = 4; lastKnownFileType = sourcecode.swift; path = DiscountModel.swift; sourceTree = "<group>"; };
		98D5F2F81CC5361E00C2BBAE /* DiscountCell.swift */ = {isa = PBXFileReference; fileEncoding = 4; lastKnownFileType = sourcecode.swift; path = DiscountCell.swift; sourceTree = "<group>"; };
		98D5F2FE1CC5368C00C2BBAE /* DiscountViewController.swift */ = {isa = PBXFileReference; fileEncoding = 4; lastKnownFileType = sourcecode.swift; path = DiscountViewController.swift; sourceTree = "<group>"; };
		98D5F3021CC5378A00C2BBAE /* HotQueueCell.swift */ = {isa = PBXFileReference; fileEncoding = 4; lastKnownFileType = sourcecode.swift; path = HotQueueCell.swift; sourceTree = "<group>"; };
		98D5F3061CCB688000C2BBAE /* RecommendModel.swift */ = {isa = PBXFileReference; fileEncoding = 4; lastKnownFileType = sourcecode.swift; path = RecommendModel.swift; sourceTree = "<group>"; };
		98D5F3081CCB6B8100C2BBAE /* RecommendCell.swift */ = {isa = PBXFileReference; fileEncoding = 4; lastKnownFileType = sourcecode.swift; path = RecommendCell.swift; sourceTree = "<group>"; };
		98D5F30A1CCB6C2900C2BBAE /* ShopInfoModel.swift */ = {isa = PBXFileReference; fileEncoding = 4; lastKnownFileType = sourcecode.swift; path = ShopInfoModel.swift; sourceTree = "<group>"; };
		98D5F30C1CCB6C3B00C2BBAE /* ShopRecommendModel.swift */ = {isa = PBXFileReference; fileEncoding = 4; lastKnownFileType = sourcecode.swift; path = ShopRecommendModel.swift; sourceTree = "<group>"; };
		98D5F30E1CCB6E2A00C2BBAE /* DisTopicModel.swift */ = {isa = PBXFileReference; fileEncoding = 4; lastKnownFileType = sourcecode.swift; path = DisTopicModel.swift; sourceTree = "<group>"; };
		98D5F3101CCB6E3A00C2BBAE /* DisLabelModel.swift */ = {isa = PBXFileReference; fileEncoding = 4; lastKnownFileType = sourcecode.swift; path = DisLabelModel.swift; sourceTree = "<group>"; };
		98D5F3121CCB6E4700C2BBAE /* DisDealModel.swift */ = {isa = PBXFileReference; fileEncoding = 4; lastKnownFileType = sourcecode.swift; path = DisDealModel.swift; sourceTree = "<group>"; };
		98D5F3141CCE687D00C2BBAE /* DiscountOCViewController.swift */ = {isa = PBXFileReference; fileEncoding = 4; lastKnownFileType = sourcecode.swift; path = DiscountOCViewController.swift; sourceTree = "<group>"; };
		98D5F3161CCE73A000C2BBAE /* ShopViewController.swift */ = {isa = PBXFileReference; fileEncoding = 4; lastKnownFileType = sourcecode.swift; path = ShopViewController.swift; sourceTree = "<group>"; };
		C23326863A97092FCD082CF4 /* libPods.a */ = {isa = PBXFileReference; explicitFileType = archive.ar; includeInIndex = 0; path = libPods.a; sourceTree = BUILT_PRODUCTS_DIR; };
/* End PBXFileReference section */

/* Begin PBXFrameworksBuildPhase section */
		98761FFE1CBA4F2500C6B1C5 /* Frameworks */ = {
			isa = PBXFrameworksBuildPhase;
			buildActionMask = 2147483647;
			files = (
				84FC64610A6D693397ABDFBD /* libPods.a in Frameworks */,
			);
			runOnlyForDeploymentPostprocessing = 0;
		};
/* End PBXFrameworksBuildPhase section */

/* Begin PBXGroup section */
		2601C7883D7AFF5DBC8B2111 /* Pods */ = {
			isa = PBXGroup;
			children = (
				6A5E43DEC83D43AF4DC00976 /* Pods.debug.xcconfig */,
				0BF3DAF7F1EAEB24F49176C7 /* Pods.release.xcconfig */,
			);
			name = Pods;
			sourceTree = "<group>";
		};
		5F579CE268A454F09CD63A77 /* Frameworks */ = {
			isa = PBXGroup;
			children = (
				C23326863A97092FCD082CF4 /* libPods.a */,
			);
			name = Frameworks;
			sourceTree = "<group>";
		};
		98761FF81CBA4F2500C6B1C5 = {
			isa = PBXGroup;
			children = (
				987620BF1CC2237D00C6B1C5 /* Podfile */,
				987620031CBA4F2500C6B1C5 /* ZMTuan */,
				987620021CBA4F2500C6B1C5 /* Products */,
				2601C7883D7AFF5DBC8B2111 /* Pods */,
				5F579CE268A454F09CD63A77 /* Frameworks */,
			);
			sourceTree = "<group>";
		};
		987620021CBA4F2500C6B1C5 /* Products */ = {
			isa = PBXGroup;
			children = (
				987620011CBA4F2500C6B1C5 /* ZMTuan.app */,
			);
			name = Products;
			sourceTree = "<group>";
		};
		987620031CBA4F2500C6B1C5 /* ZMTuan */ = {
			isa = PBXGroup;
			children = (
				987620801CBE877300C6B1C5 /* DB */,
				987620471CBBDB6100C6B1C5 /* Others */,
				9876201D1CBAAAAE00C6B1C5 /* View */,
				9876201C1CBAAAA600C6B1C5 /* Model */,
				9876201B1CBAAA9D00C6B1C5 /* Controller */,
				987620191CBAAA2700C6B1C5 /* SupportingFiles */,
			);
			path = ZMTuan;
			sourceTree = "<group>";
		};
		987620191CBAAA2700C6B1C5 /* SupportingFiles */ = {
			isa = PBXGroup;
			children = (
				987620301CBAB0C500C6B1C5 /* Info.plist */,
				987620211CBAAF5A00C6B1C5 /* AppDelegate.swift */,
				987620221CBAAF5A00C6B1C5 /* Assets.xcassets */,
				987620231CBAAF5A00C6B1C5 /* Base.lproj */,
				987620C11CC238DE00C6B1C5 /* Bridging.h */,
			);
			path = SupportingFiles;
			sourceTree = "<group>";
		};
		9876201B1CBAAA9D00C6B1C5 /* Controller */ = {
			isa = PBXGroup;
			children = (
				987620361CBBD40000C6B1C5 /* Home */,
				987620371CBBD40000C6B1C5 /* Merchant */,
				987620381CBBD40000C6B1C5 /* Mine */,
				987620391CBBD40000C6B1C5 /* More */,
				9876203A1CBBD40000C6B1C5 /* Onsite */,
			);
			path = Controller;
			sourceTree = "<group>";
		};
		9876201C1CBAAAA600C6B1C5 /* Model */ = {
			isa = PBXGroup;
			children = (
				9876206B1CBBF74300C6B1C5 /* Home */,
			);
			path = Model;
			sourceTree = "<group>";
		};
		9876201D1CBAAAAE00C6B1C5 /* View */ = {
			isa = PBXGroup;
			children = (
				987620681CBBF71600C6B1C5 /* Home */,
			);
			path = View;
			sourceTree = "<group>";
		};
		987620231CBAAF5A00C6B1C5 /* Base.lproj */ = {
			isa = PBXGroup;
			children = (
				987620241CBAAF5A00C6B1C5 /* LaunchScreen.storyboard */,
				987620261CBAAF5A00C6B1C5 /* Main.storyboard */,
			);
			path = Base.lproj;
			sourceTree = "<group>";
		};
		987620361CBBD40000C6B1C5 /* Home */ = {
			isa = PBXGroup;
			children = (
				987620671CBBF6DA00C6B1C5 /* Shop */,
				9876203D1CBBD53700C6B1C5 /* HomeViewController.swift */,
				987620CD1CC3883D00C6B1C5 /* RushViewController.swift */,
				98D5F2F41CC5312F00C2BBAE /* HotQueueViewController.swift */,
				98D5F2FE1CC5368C00C2BBAE /* DiscountViewController.swift */,
				98D5F3141CCE687D00C2BBAE /* DiscountOCViewController.swift */,
			);
			path = Home;
			sourceTree = "<group>";
		};
		987620371CBBD40000C6B1C5 /* Merchant */ = {
			isa = PBXGroup;
			children = (
				9876203F1CBBD55F00C6B1C5 /* MerchantViewController.swift */,
			);
			path = Merchant;
			sourceTree = "<group>";
		};
		987620381CBBD40000C6B1C5 /* Mine */ = {
			isa = PBXGroup;
			children = (
				987620411CBBD56A00C6B1C5 /* MineViewController.swift */,
			);
			path = Mine;
			sourceTree = "<group>";
		};
		987620391CBBD40000C6B1C5 /* More */ = {
			isa = PBXGroup;
			children = (
				987620431CBBD57200C6B1C5 /* MoreViewController.swift */,
			);
			path = More;
			sourceTree = "<group>";
		};
		9876203A1CBBD40000C6B1C5 /* Onsite */ = {
			isa = PBXGroup;
			children = (
				987620451CBBD58800C6B1C5 /* OnsiteViewController.swift */,
			);
			path = Onsite;
			sourceTree = "<group>";
		};
		987620471CBBDB6100C6B1C5 /* Others */ = {
			isa = PBXGroup;
			children = (
				987620C21CC28AAE00C6B1C5 /* Network */,
				9876204B1CBBE11400C6B1C5 /* Resource */,
				987620481CBBDB6100C6B1C5 /* PublicClass */,
			);
			path = Others;
			sourceTree = "<group>";
		};
		987620481CBBDB6100C6B1C5 /* PublicClass */ = {
			isa = PBXGroup;
			children = (
				987620491CBBDB8600C6B1C5 /* Public.swift */,
			);
			path = PublicClass;
			sourceTree = "<group>";
		};
		9876204B1CBBE11400C6B1C5 /* Resource */ = {
			isa = PBXGroup;
			children = (
				987620511CBBE18F00C6B1C5 /* TabBar */,
				9876204C1CBBE11400C6B1C5 /* Home */,
				9876204D1CBBE11400C6B1C5 /* Merchant */,
				9876204E1CBBE11400C6B1C5 /* Mine */,
				9876204F1CBBE11400C6B1C5 /* More */,
				987620501CBBE11400C6B1C5 /* Onsite */,
			);
			path = Resource;
			sourceTree = "<group>";
		};
		9876204C1CBBE11400C6B1C5 /* Home */ = {
			isa = PBXGroup;
			children = (
				987620831CBE881C00C6B1C5 /* back@2x.png */,
				987620841CBE881C00C6B1C5 /* icon_deal_anytime_refund@2x.png */,
				987620851CBE881C00C6B1C5 /* icon_collect_highlighted.png */,
				987620861CBE881C00C6B1C5 /* icon_collect.png */,
				987620871CBE881C00C6B1C5 /* icon_merchant_share_highlighted.png */,
				987620881CBE881C00C6B1C5 /* icon_merchant_share_normal.png */,
				987620891CBE881C00C6B1C5 /* btn_backItem.png */,
				9876208A1CBE881C00C6B1C5 /* todaySpecialHeaderTitleImage@2x.png */,
				9876208B1CBE881C00C6B1C5 /* todaySpecialHeaderTitleImage@3x.png */,
				9876208C1CBE881C00C6B1C5 /* ic_deal_noBooking@2x.png */,
				9876208D1CBE881C00C6B1C5 /* bg_customReview_image_default.png */,
				9876208E1CBE881C00C6B1C5 /* icon_homepage_beautyCategory.png */,
				9876208F1CBE881C00C6B1C5 /* icon_homepage_default.png */,
				987620901CBE881C00C6B1C5 /* icon_homepage_entertainmentCategory.png */,
				987620911CBE881C00C6B1C5 /* icon_homepage_foodCategory.png */,
				987620921CBE881C00C6B1C5 /* icon_homepage_foottreatCategory.png */,
				987620931CBE881C00C6B1C5 /* icon_homepage_hotelCategory.png */,
				987620941CBE881C00C6B1C5 /* icon_homepage_KTVCategory.png */,
				987620951CBE881C00C6B1C5 /* icon_homepage_lifeServiceCategory.png */,
				987620961CBE881C00C6B1C5 /* icon_homepage_movieCategory.png */,
				987620971CBE881C00C6B1C5 /* icon_homepage_shoppingCategory.png */,
				987620981CBE881C00C6B1C5 /* icon_homepage_takeoutCategory.png */,
				987620991CBE881C00C6B1C5 /* background_home_searchBar@2x.png */,
				9876209A1CBE881C00C6B1C5 /* icon_homepage_downArrow@2x.png */,
				9876209B1CBE881C00C6B1C5 /* icon_homepage_map_old.png */,
				9876209C1CBE881C00C6B1C5 /* icon_homepage_map_selected_old.png */,
				9876209D1CBE881C00C6B1C5 /* icon_homepage_map_selected.png */,
				9876209E1CBE881C00C6B1C5 /* icon_homepage_map.png */,
				9876209F1CBE881C00C6B1C5 /* icon_homepage_search.png */,
				987620A01CBE881C00C6B1C5 /* icon_homepage_upArrow@2x.png */,
			);
			path = Home;
			sourceTree = "<group>";
		};
		9876204D1CBBE11400C6B1C5 /* Merchant */ = {
			isa = PBXGroup;
			children = (
			);
			path = Merchant;
			sourceTree = "<group>";
		};
		9876204E1CBBE11400C6B1C5 /* Mine */ = {
			isa = PBXGroup;
			children = (
			);
			path = Mine;
			sourceTree = "<group>";
		};
		9876204F1CBBE11400C6B1C5 /* More */ = {
			isa = PBXGroup;
			children = (
			);
			path = More;
			sourceTree = "<group>";
		};
		987620501CBBE11400C6B1C5 /* Onsite */ = {
			isa = PBXGroup;
			children = (
			);
			path = Onsite;
			sourceTree = "<group>";
		};
		987620511CBBE18F00C6B1C5 /* TabBar */ = {
			isa = PBXGroup;
			children = (
				987620521CBBE1A600C6B1C5 /* icon_tabbar_homepage@2x.png */,
				987620531CBBE1A600C6B1C5 /* icon_tabbar_homepage_selected@2x.png */,
				987620541CBBE1A600C6B1C5 /* icon_tabbar_merchant_normal@2x.png */,
				987620551CBBE1A600C6B1C5 /* icon_tabbar_merchant_selected@2x.png */,
				987620561CBBE1A600C6B1C5 /* icon_tabbar_mine@2x.png */,
				987620571CBBE1A600C6B1C5 /* icon_tabbar_mine_selected@2x.png */,
				987620581CBBE1A600C6B1C5 /* icon_tabbar_misc@2x.png */,
				987620591CBBE1A600C6B1C5 /* icon_tabbar_misc_selected@2x.png */,
				9876205A1CBBE1A600C6B1C5 /* icon_tabbar_onsite@2x.png */,
				9876205B1CBBE1A600C6B1C5 /* icon_tabbar_onsite_selected@2x.png */,
			);
			path = TabBar;
			sourceTree = "<group>";
		};
		987620671CBBF6DA00C6B1C5 /* Shop */ = {
			isa = PBXGroup;
			children = (
				98D5F3161CCE73A000C2BBAE /* ShopViewController.swift */,
			);
			path = Shop;
			sourceTree = "<group>";
		};
		987620681CBBF71600C6B1C5 /* Home */ = {
			isa = PBXGroup;
			children = (
				987620691CBBF71600C6B1C5 /* Discount */,
				9876206A1CBBF71600C6B1C5 /* Shop */,
				9876207C1CBE671C00C6B1C5 /* BtnView.swift */,
				9876207E1CBE69EF00C6B1C5 /* HomeMenuCell.swift */,
				987620CB1CC368AD00C6B1C5 /* RushCell.swift */,
				98D5F2F81CC5361E00C2BBAE /* DiscountCell.swift */,
				98D5F3021CC5378A00C2BBAE /* HotQueueCell.swift */,
				98D5F3081CCB6B8100C2BBAE /* RecommendCell.swift */,
			);
			path = Home;
			sourceTree = "<group>";
		};
		987620691CBBF71600C6B1C5 /* Discount */ = {
			isa = PBXGroup;
			children = (
				987620781CBBFA3D00C6B1C5 /* DiscountTopicCell.swift */,
			);
			path = Discount;
			sourceTree = "<group>";
		};
		9876206A1CBBF71600C6B1C5 /* Shop */ = {
			isa = PBXGroup;
			children = (
				987620721CBBF9F100C6B1C5 /* ShopPriceCell.swift */,
				987620741CBBF9FE00C6B1C5 /* ShopImageCell.swift */,
				987620761CBBFA0D00C6B1C5 /* ShopRecommendCell.swift */,
			);
			path = Shop;
			sourceTree = "<group>";
		};
		9876206B1CBBF74300C6B1C5 /* Home */ = {
			isa = PBXGroup;
			children = (
				9876206C1CBBF74300C6B1C5 /* Discount */,
				9876206D1CBBF74300C6B1C5 /* Shop */,
				987620C51CC3320300C6B1C5 /* RushDataModel.swift */,
				987620C71CC3321500C6B1C5 /* RushDealsModel.swift */,
				98D5F2EE1CC52F2D00C2BBAE /* HotQueueModel.swift */,
				98D5F2F61CC5351F00C2BBAE /* DiscountModel.swift */,
				98D5F3061CCB688000C2BBAE /* RecommendModel.swift */,
			);
			path = Home;
			sourceTree = "<group>";
		};
		9876206C1CBBF74300C6B1C5 /* Discount */ = {
			isa = PBXGroup;
			children = (
				98D5F30E1CCB6E2A00C2BBAE /* DisTopicModel.swift */,
				98D5F3101CCB6E3A00C2BBAE /* DisLabelModel.swift */,
				98D5F3121CCB6E4700C2BBAE /* DisDealModel.swift */,
			);
			path = Discount;
			sourceTree = "<group>";
		};
		9876206D1CBBF74300C6B1C5 /* Shop */ = {
			isa = PBXGroup;
			children = (
				98D5F30A1CCB6C2900C2BBAE /* ShopInfoModel.swift */,
				98D5F30C1CCB6C3B00C2BBAE /* ShopRecommendModel.swift */,
			);
			path = Shop;
			sourceTree = "<group>";
		};
		987620801CBE877300C6B1C5 /* DB */ = {
			isa = PBXGroup;
			children = (
				987620811CBE878800C6B1C5 /* menuData.plist */,
			);
			path = DB;
			sourceTree = "<group>";
		};
		987620C21CC28AAE00C6B1C5 /* Network */ = {
			isa = PBXGroup;
			children = (
				987620C31CC28AD000C6B1C5 /* NetworkSingleton.swift */,
			);
			path = Network;
			sourceTree = "<group>";
		};
/* End PBXGroup section */

/* Begin PBXNativeTarget section */
		987620001CBA4F2500C6B1C5 /* ZMTuan */ = {
			isa = PBXNativeTarget;
			buildConfigurationList = 987620131CBA4F2500C6B1C5 /* Build configuration list for PBXNativeTarget "ZMTuan" */;
			buildPhases = (
				CA6DB6670FA7DF9ACCCA1DB9 /* Check Pods Manifest.lock */,
				98761FFD1CBA4F2500C6B1C5 /* Sources */,
				98761FFE1CBA4F2500C6B1C5 /* Frameworks */,
				98761FFF1CBA4F2500C6B1C5 /* Resources */,
				5AA907C047EF777ABE2F0DE1 /* Embed Pods Frameworks */,
				326DA4FB1405F16B69C7C8E1 /* Copy Pods Resources */,
			);
			buildRules = (
			);
			dependencies = (
			);
			name = ZMTuan;
			productName = ZMTuan;
			productReference = 987620011CBA4F2500C6B1C5 /* ZMTuan.app */;
			productType = "com.apple.product-type.application";
		};
/* End PBXNativeTarget section */

/* Begin PBXProject section */
		98761FF91CBA4F2500C6B1C5 /* Project object */ = {
			isa = PBXProject;
			attributes = {
				LastSwiftUpdateCheck = 0730;
				LastUpgradeCheck = 0730;
				ORGANIZATIONNAME = zm;
				TargetAttributes = {
					987620001CBA4F2500C6B1C5 = {
						CreatedOnToolsVersion = 7.3;
						DevelopmentTeam = 6LXT24ZZPC;
					};
				};
			};
			buildConfigurationList = 98761FFC1CBA4F2500C6B1C5 /* Build configuration list for PBXProject "ZMTuan" */;
			compatibilityVersion = "Xcode 3.2";
			developmentRegion = English;
			hasScannedForEncodings = 0;
			knownRegions = (
				en,
				Base,
			);
			mainGroup = 98761FF81CBA4F2500C6B1C5;
			productRefGroup = 987620021CBA4F2500C6B1C5 /* Products */;
			projectDirPath = "";
			projectRoot = "";
			targets = (
				987620001CBA4F2500C6B1C5 /* ZMTuan */,
			);
		};
/* End PBXProject section */

/* Begin PBXResourcesBuildPhase section */
		98761FFF1CBA4F2500C6B1C5 /* Resources */ = {
			isa = PBXResourcesBuildPhase;
			buildActionMask = 2147483647;
			files = (
				987620661CBBF57900C6B1C5 /* Assets.xcassets in Resources */,
				987620341CBAB27700C6B1C5 /* LaunchScreen.storyboard in Resources */,
				987620BE1CBE881C00C6B1C5 /* icon_homepage_upArrow@2x.png in Resources */,
				987620A31CBE881C00C6B1C5 /* icon_collect_highlighted.png in Resources */,
				987620AA1CBE881C00C6B1C5 /* ic_deal_noBooking@2x.png in Resources */,
				987620A41CBE881C00C6B1C5 /* icon_collect.png in Resources */,
				987620B81CBE881C00C6B1C5 /* icon_homepage_downArrow@2x.png in Resources */,
				987620A81CBE881C00C6B1C5 /* todaySpecialHeaderTitleImage@2x.png in Resources */,
				987620A11CBE881C00C6B1C5 /* back@2x.png in Resources */,
				987620A21CBE881C00C6B1C5 /* icon_deal_anytime_refund@2x.png in Resources */,
				987620A91CBE881C00C6B1C5 /* todaySpecialHeaderTitleImage@3x.png in Resources */,
				987620601CBBE1A600C6B1C5 /* icon_tabbar_mine@2x.png in Resources */,
				987620C01CC2237D00C6B1C5 /* Podfile in Resources */,
				987620BD1CBE881C00C6B1C5 /* icon_homepage_search.png in Resources */,
				987620641CBBE1A600C6B1C5 /* icon_tabbar_onsite@2x.png in Resources */,
				987620B11CBE881C00C6B1C5 /* icon_homepage_hotelCategory.png in Resources */,
				987620AE1CBE881C00C6B1C5 /* icon_homepage_entertainmentCategory.png in Resources */,
				987620BA1CBE881C00C6B1C5 /* icon_homepage_map_selected_old.png in Resources */,
				987620B91CBE881C00C6B1C5 /* icon_homepage_map_old.png in Resources */,
				987620A71CBE881C00C6B1C5 /* btn_backItem.png in Resources */,
				987620611CBBE1A600C6B1C5 /* icon_tabbar_mine_selected@2x.png in Resources */,
				987620B31CBE881C00C6B1C5 /* icon_homepage_lifeServiceCategory.png in Resources */,
				987620A61CBE881C00C6B1C5 /* icon_merchant_share_normal.png in Resources */,
				987620B21CBE881C00C6B1C5 /* icon_homepage_KTVCategory.png in Resources */,
				987620B71CBE881C00C6B1C5 /* background_home_searchBar@2x.png in Resources */,
				987620651CBBE1A600C6B1C5 /* icon_tabbar_onsite_selected@2x.png in Resources */,
				987620351CBAB27700C6B1C5 /* Main.storyboard in Resources */,
				987620B51CBE881C00C6B1C5 /* icon_homepage_shoppingCategory.png in Resources */,
				987620AD1CBE881C00C6B1C5 /* icon_homepage_default.png in Resources */,
				987620AB1CBE881C00C6B1C5 /* bg_customReview_image_default.png in Resources */,
				987620BB1CBE881C00C6B1C5 /* icon_homepage_map_selected.png in Resources */,
				987620631CBBE1A600C6B1C5 /* icon_tabbar_misc_selected@2x.png in Resources */,
				987620B61CBE881C00C6B1C5 /* icon_homepage_takeoutCategory.png in Resources */,
				9876205F1CBBE1A600C6B1C5 /* icon_tabbar_merchant_selected@2x.png in Resources */,
				9876205D1CBBE1A600C6B1C5 /* icon_tabbar_homepage_selected@2x.png in Resources */,
				987620621CBBE1A600C6B1C5 /* icon_tabbar_misc@2x.png in Resources */,
				987620BC1CBE881C00C6B1C5 /* icon_homepage_map.png in Resources */,
				9876205E1CBBE1A600C6B1C5 /* icon_tabbar_merchant_normal@2x.png in Resources */,
				987620AC1CBE881C00C6B1C5 /* icon_homepage_beautyCategory.png in Resources */,
				987620A51CBE881C00C6B1C5 /* icon_merchant_share_highlighted.png in Resources */,
				987620B41CBE881C00C6B1C5 /* icon_homepage_movieCategory.png in Resources */,
				9876205C1CBBE1A600C6B1C5 /* icon_tabbar_homepage@2x.png in Resources */,
				987620AF1CBE881C00C6B1C5 /* icon_homepage_foodCategory.png in Resources */,
				987620821CBE878800C6B1C5 /* menuData.plist in Resources */,
				987620B01CBE881C00C6B1C5 /* icon_homepage_foottreatCategory.png in Resources */,
			);
			runOnlyForDeploymentPostprocessing = 0;
		};
/* End PBXResourcesBuildPhase section */

/* Begin PBXShellScriptBuildPhase section */
		326DA4FB1405F16B69C7C8E1 /* Copy Pods Resources */ = {
			isa = PBXShellScriptBuildPhase;
			buildActionMask = 2147483647;
			files = (
			);
			inputPaths = (
			);
			name = "Copy Pods Resources";
			outputPaths = (
			);
			runOnlyForDeploymentPostprocessing = 0;
			shellPath = /bin/sh;
			shellScript = "\"${SRCROOT}/Pods/Target Support Files/Pods/Pods-resources.sh\"\n";
			showEnvVarsInLog = 0;
		};
		5AA907C047EF777ABE2F0DE1 /* Embed Pods Frameworks */ = {
			isa = PBXShellScriptBuildPhase;
			buildActionMask = 2147483647;
			files = (
			);
			inputPaths = (
			);
			name = "Embed Pods Frameworks";
			outputPaths = (
			);
			runOnlyForDeploymentPostprocessing = 0;
			shellPath = /bin/sh;
			shellScript = "\"${SRCROOT}/Pods/Target Support Files/Pods/Pods-frameworks.sh\"\n";
			showEnvVarsInLog = 0;
		};
		CA6DB6670FA7DF9ACCCA1DB9 /* Check Pods Manifest.lock */ = {
			isa = PBXShellScriptBuildPhase;
			buildActionMask = 2147483647;
			files = (
			);
			inputPaths = (
			);
			name = "Check Pods Manifest.lock";
			outputPaths = (
			);
			runOnlyForDeploymentPostprocessing = 0;
			shellPath = /bin/sh;
			shellScript = "diff \"${PODS_ROOT}/../Podfile.lock\" \"${PODS_ROOT}/Manifest.lock\" > /dev/null\nif [[ $? != 0 ]] ; then\n    cat << EOM\nerror: The sandbox is not in sync with the Podfile.lock. Run 'pod install' or update your CocoaPods installation.\nEOM\n    exit 1\nfi\n";
			showEnvVarsInLog = 0;
		};
/* End PBXShellScriptBuildPhase section */

/* Begin PBXSourcesBuildPhase section */
		98761FFD1CBA4F2500C6B1C5 /* Sources */ = {
			isa = PBXSourcesBuildPhase;
			buildActionMask = 2147483647;
			files = (
				987620C61CC3320300C6B1C5 /* RushDataModel.swift in Sources */,
				987620441CBBD57200C6B1C5 /* MoreViewController.swift in Sources */,
				98D5F3171CCE73A000C2BBAE /* ShopViewController.swift in Sources */,
				987620CE1CC3883D00C6B1C5 /* RushViewController.swift in Sources */,
				987620331CBAB1E400C6B1C5 /* AppDelegate.swift in Sources */,
				987620791CBBFA3D00C6B1C5 /* DiscountTopicCell.swift in Sources */,
				98D5F3031CC5378A00C2BBAE /* HotQueueCell.swift in Sources */,
				9876207F1CBE69EF00C6B1C5 /* HomeMenuCell.swift in Sources */,
				98D5F2F51CC5312F00C2BBAE /* HotQueueViewController.swift in Sources */,
				98D5F30D1CCB6C3B00C2BBAE /* ShopRecommendModel.swift in Sources */,
				98D5F2FF1CC5368C00C2BBAE /* DiscountViewController.swift in Sources */,
				9876203E1CBBD53700C6B1C5 /* HomeViewController.swift in Sources */,
				987620731CBBF9F100C6B1C5 /* ShopPriceCell.swift in Sources */,
				987620771CBBFA0D00C6B1C5 /* ShopRecommendCell.swift in Sources */,
				987620401CBBD55F00C6B1C5 /* MerchantViewController.swift in Sources */,
				987620C41CC28AD000C6B1C5 /* NetworkSingleton.swift in Sources */,
				98D5F3111CCB6E3A00C2BBAE /* DisLabelModel.swift in Sources */,
				98D5F2F91CC5361E00C2BBAE /* DiscountCell.swift in Sources */,
				98D5F3071CCB688000C2BBAE /* RecommendModel.swift in Sources */,
				98D5F3091CCB6B8100C2BBAE /* RecommendCell.swift in Sources */,
				98D5F3151CCE687D00C2BBAE /* DiscountOCViewController.swift in Sources */,
				98D5F2F71CC5351F00C2BBAE /* DiscountModel.swift in Sources */,
				9876207D1CBE671C00C6B1C5 /* BtnView.swift in Sources */,
				98D5F30B1CCB6C2900C2BBAE /* ShopInfoModel.swift in Sources */,
				987620C81CC3321500C6B1C5 /* RushDealsModel.swift in Sources */,
				98D5F2EF1CC52F2D00C2BBAE /* HotQueueModel.swift in Sources */,
				9876204A1CBBDB8600C6B1C5 /* Public.swift in Sources */,
				987620461CBBD58800C6B1C5 /* OnsiteViewController.swift in Sources */,
				98D5F30F1CCB6E2A00C2BBAE /* DisTopicModel.swift in Sources */,
				987620751CBBF9FE00C6B1C5 /* ShopImageCell.swift in Sources */,
				98D5F3131CCB6E4700C2BBAE /* DisDealModel.swift in Sources */,
				987620421CBBD56A00C6B1C5 /* MineViewController.swift in Sources */,
				987620CC1CC368AD00C6B1C5 /* RushCell.swift in Sources */,
			);
			runOnlyForDeploymentPostprocessing = 0;
		};
/* End PBXSourcesBuildPhase section */

/* Begin PBXVariantGroup section */
		987620241CBAAF5A00C6B1C5 /* LaunchScreen.storyboard */ = {
			isa = PBXVariantGroup;
			children = (
				987620251CBAAF5A00C6B1C5 /* Base */,
			);
			name = LaunchScreen.storyboard;
			sourceTree = "<group>";
		};
		987620261CBAAF5A00C6B1C5 /* Main.storyboard */ = {
			isa = PBXVariantGroup;
			children = (
				987620271CBAAF5A00C6B1C5 /* Base */,
			);
			name = Main.storyboard;
			sourceTree = "<group>";
		};
/* End PBXVariantGroup section */

/* Begin XCBuildConfiguration section */
		987620111CBA4F2500C6B1C5 /* Debug */ = {
			isa = XCBuildConfiguration;
			buildSettings = {
				ALWAYS_SEARCH_USER_PATHS = NO;
				CLANG_ANALYZER_NONNULL = YES;
				CLANG_CXX_LANGUAGE_STANDARD = "gnu++0x";
				CLANG_CXX_LIBRARY = "libc++";
				CLANG_ENABLE_MODULES = YES;
				CLANG_ENABLE_OBJC_ARC = YES;
				CLANG_WARN_BOOL_CONVERSION = YES;
				CLANG_WARN_CONSTANT_CONVERSION = YES;
				CLANG_WARN_DIRECT_OBJC_ISA_USAGE = YES_ERROR;
				CLANG_WARN_EMPTY_BODY = YES;
				CLANG_WARN_ENUM_CONVERSION = YES;
				CLANG_WARN_INT_CONVERSION = YES;
				CLANG_WARN_OBJC_ROOT_CLASS = YES_ERROR;
				CLANG_WARN_UNREACHABLE_CODE = YES;
				CLANG_WARN__DUPLICATE_METHOD_MATCH = YES;
				"CODE_SIGN_IDENTITY[sdk=iphoneos*]" = "iPhone Developer";
				COPY_PHASE_STRIP = NO;
				DEBUG_INFORMATION_FORMAT = dwarf;
				ENABLE_STRICT_OBJC_MSGSEND = YES;
				ENABLE_TESTABILITY = YES;
				GCC_C_LANGUAGE_STANDARD = gnu99;
				GCC_DYNAMIC_NO_PIC = NO;
				GCC_NO_COMMON_BLOCKS = YES;
				GCC_OPTIMIZATION_LEVEL = 0;
				GCC_PREPROCESSOR_DEFINITIONS = (
					"DEBUG=1",
					"$(inherited)",
				);
				GCC_WARN_64_TO_32_BIT_CONVERSION = YES;
				GCC_WARN_ABOUT_RETURN_TYPE = YES_ERROR;
				GCC_WARN_UNDECLARED_SELECTOR = YES;
				GCC_WARN_UNINITIALIZED_AUTOS = YES_AGGRESSIVE;
				GCC_WARN_UNUSED_FUNCTION = YES;
				GCC_WARN_UNUSED_VARIABLE = YES;
				IPHONEOS_DEPLOYMENT_TARGET = 9.3;
				MTL_ENABLE_DEBUG_INFO = YES;
				ONLY_ACTIVE_ARCH = YES;
				SDKROOT = iphoneos;
				SWIFT_OPTIMIZATION_LEVEL = "-Onone";
			};
			name = Debug;
		};
		987620121CBA4F2500C6B1C5 /* Release */ = {
			isa = XCBuildConfiguration;
			buildSettings = {
				ALWAYS_SEARCH_USER_PATHS = NO;
				CLANG_ANALYZER_NONNULL = YES;
				CLANG_CXX_LANGUAGE_STANDARD = "gnu++0x";
				CLANG_CXX_LIBRARY = "libc++";
				CLANG_ENABLE_MODULES = YES;
				CLANG_ENABLE_OBJC_ARC = YES;
				CLANG_WARN_BOOL_CONVERSION = YES;
				CLANG_WARN_CONSTANT_CONVERSION = YES;
				CLANG_WARN_DIRECT_OBJC_ISA_USAGE = YES_ERROR;
				CLANG_WARN_EMPTY_BODY = YES;
				CLANG_WARN_ENUM_CONVERSION = YES;
				CLANG_WARN_INT_CONVERSION = YES;
				CLANG_WARN_OBJC_ROOT_CLASS = YES_ERROR;
				CLANG_WARN_UNREACHABLE_CODE = YES;
				CLANG_WARN__DUPLICATE_METHOD_MATCH = YES;
				"CODE_SIGN_IDENTITY[sdk=iphoneos*]" = "iPhone Developer";
				COPY_PHASE_STRIP = NO;
				DEBUG_INFORMATION_FORMAT = "dwarf-with-dsym";
				ENABLE_NS_ASSERTIONS = NO;
				ENABLE_STRICT_OBJC_MSGSEND = YES;
				GCC_C_LANGUAGE_STANDARD = gnu99;
				GCC_NO_COMMON_BLOCKS = YES;
				GCC_WARN_64_TO_32_BIT_CONVERSION = YES;
				GCC_WARN_ABOUT_RETURN_TYPE = YES_ERROR;
				GCC_WARN_UNDECLARED_SELECTOR = YES;
				GCC_WARN_UNINITIALIZED_AUTOS = YES_AGGRESSIVE;
				GCC_WARN_UNUSED_FUNCTION = YES;
				GCC_WARN_UNUSED_VARIABLE = YES;
				IPHONEOS_DEPLOYMENT_TARGET = 9.3;
				MTL_ENABLE_DEBUG_INFO = NO;
				SDKROOT = iphoneos;
				VALIDATE_PRODUCT = YES;
			};
			name = Release;
		};
		987620141CBA4F2500C6B1C5 /* Debug */ = {
			isa = XCBuildConfiguration;
			baseConfigurationReference = 6A5E43DEC83D43AF4DC00976 /* Pods.debug.xcconfig */;
			buildSettings = {
				ASSETCATALOG_COMPILER_APPICON_NAME = AppIcon;
				CLANG_ENABLE_MODULES = YES;
				INFOPLIST_FILE = "$(SRCROOT)/ZMTuan/SupportingFiles/Info.plist";
				LD_RUNPATH_SEARCH_PATHS = "$(inherited) @executable_path/Frameworks";
				PRODUCT_BUNDLE_IDENTIFIER = com.zm.ZMTuan;
				PRODUCT_NAME = "$(TARGET_NAME)";
				SWIFT_OBJC_BRIDGING_HEADER = ZMTuan/SupportingFiles/Bridging.h;
				SWIFT_OPTIMIZATION_LEVEL = "-Onone";
			};
			name = Debug;
		};
		987620151CBA4F2500C6B1C5 /* Release */ = {
			isa = XCBuildConfiguration;
			baseConfigurationReference = 0BF3DAF7F1EAEB24F49176C7 /* Pods.release.xcconfig */;
			buildSettings = {
				ASSETCATALOG_COMPILER_APPICON_NAME = AppIcon;
				CLANG_ENABLE_MODULES = YES;
				INFOPLIST_FILE = "$(SRCROOT)/ZMTuan/SupportingFiles/Info.plist";
				LD_RUNPATH_SEARCH_PATHS = "$(inherited) @executable_path/Frameworks";
				PRODUCT_BUNDLE_IDENTIFIER = com.zm.ZMTuan;
				PRODUCT_NAME = "$(TARGET_NAME)";
				SWIFT_OBJC_BRIDGING_HEADER = ZMTuan/SupportingFiles/Bridging.h;
			};
			name = Release;
		};
/* End XCBuildConfiguration section */

/* Begin XCConfigurationList section */
		98761FFC1CBA4F2500C6B1C5 /* Build configuration list for PBXProject "ZMTuan" */ = {
			isa = XCConfigurationList;
			buildConfigurations = (
				987620111CBA4F2500C6B1C5 /* Debug */,
				987620121CBA4F2500C6B1C5 /* Release */,
			);
			defaultConfigurationIsVisible = 0;
			defaultConfigurationName = Release;
		};
		987620131CBA4F2500C6B1C5 /* Build configuration list for PBXNativeTarget "ZMTuan" */ = {
			isa = XCConfigurationList;
			buildConfigurations = (
				987620141CBA4F2500C6B1C5 /* Debug */,
				987620151CBA4F2500C6B1C5 /* Release */,
			);
			defaultConfigurationIsVisible = 0;
			defaultConfigurationName = Release;
		};
/* End XCConfigurationList section */
	};
	rootObject = 98761FF91CBA4F2500C6B1C5 /* Project object */;
}
